
Microsoft Visual Studio Solution File, Format Version 12.00
# Visual Studio 15
VisualStudioVersion = 15.0.28307.421
MinimumVisualStudioVersion = 10.0.40219.1
Project("{FAE04EC0-301F-11D3-BF4B-00C04F79EFBC}") = "ProjeTakip", "ProjeTakip\ProjeTakip.csproj", "{CFABF97F-1F3C-481E-A753-5A5822C51225}"
EndProject
Global
	GlobalSection(SolutionConfigurationPlatforms) = preSolution
		Debug|Any CPU = Debug|Any CPU
		Release|Any CPU = Release|Any CPU
	EndGlobalSection
	GlobalSection(ProjectConfigurationPlatforms) = postSolution
		{CFABF97F-1F3C-481E-A753-5A5822C51225}.Debug|Any CPU.ActiveCfg = Debug|Any CPU
		{CFABF97F-1F3C-481E-A753-5A5822C51225}.Debug|Any CPU.Build.0 = Debug|Any CPU
		{CFABF97F-1F3C-481E-A753-5A5822C51225}.Release|Any CPU.ActiveCfg = Release|Any CPU
		{CFABF97F-1F3C-481E-A753-5A5822C51225}.Release|Any CPU.Build.0 = Release|Any CPU
	EndGlobalSection
	GlobalSection(SolutionProperties) = preSolution
		HideSolutionNode = FALSE
	EndGlobalSection
	GlobalSection(ExtensibilityGlobals) = postSolution
		SolutionGuid = {36FE7630-3638-4D1C-96FD-087700A0102C}
	EndGlobalSection
EndGlobal
